
Microsoft Visual Studio Solution File, Format Version 12.00
# Visual Studio Version 16
VisualStudioVersion = 25.0.1706.12
MinimumVisualStudioVersion = 10.0.40219.1
Project("{FAE04EC0-301F-11D3-BF4B-00C04F79EFBC}") = "laba1", "laba1\laba1.csproj", "{04AD37A7-C297-42CA-8EF6-27D6E9A5E4F4}"
EndProject
Project("{2150E333-8FDC-42A3-9474-1A3956D46DE8}") = "Solution Items", "Solution Items", "{BC9D4FAC-60FC-4B7F-8787-A5008B202695}"
	ProjectSection(SolutionItems) = preProject
		readme.txt = readme.txt
	EndProjectSection
EndProject
Global
	GlobalSection(SolutionConfigurationPlatforms) = preSolution
		Debug|Any CPU = Debug|Any CPU
		Release|Any CPU = Release|Any CPU
	EndGlobalSection
	GlobalSection(ProjectConfigurationPlatforms) = postSolution
		{04AD37A7-C297-42CA-8EF6-27D6E9A5E4F4}.Debug|Any CPU.ActiveCfg = Debug|Any CPU
		{04AD37A7-C297-42CA-8EF6-27D6E9A5E4F4}.Debug|Any CPU.Build.0 = Debug|Any CPU
		{04AD37A7-C297-42CA-8EF6-27D6E9A5E4F4}.Release|Any CPU.ActiveCfg = Release|Any CPU
		{04AD37A7-C297-42CA-8EF6-27D6E9A5E4F4}.Release|Any CPU.Build.0 = Release|Any CPU
	EndGlobalSection
	GlobalSection(SolutionProperties) = preSolution
		HideSolutionNode = FALSE
	EndGlobalSection
	GlobalSection(ExtensibilityGlobals) = postSolution
		SolutionGuid = {5CE5FE00-D6BC-41F5-A32B-7C9C1CB348D1}
	EndGlobalSection
EndGlobal
